
Microsoft Visual Studio Solution File, Format Version 12.00
Project("{FAE04EC0-301F-11D3-BF4B-00C04F79EFBC}") = "Repaet_11", "Repaet_11\Repaet_11.csproj", "{C76370FF-7249-4740-A250-FCE2F16B8D56}"
EndProject
Project("{FAE04EC0-301F-11D3-BF4B-00C04F79EFBC}") = "Task_2", "Task_2\Task_2.csproj", "{1F4CC728-638E-44AF-96EA-1DDB17F47D6A}"
EndProject
Global
	GlobalSection(SolutionConfigurationPlatforms) = preSolution
		Debug|Any CPU = Debug|Any CPU
		Release|Any CPU = Release|Any CPU
	EndGlobalSection
	GlobalSection(ProjectConfigurationPlatforms) = postSolution
		{C76370FF-7249-4740-A250-FCE2F16B8D56}.Debug|Any CPU.ActiveCfg = Debug|Any CPU
		{C76370FF-7249-4740-A250-FCE2F16B8D56}.Debug|Any CPU.Build.0 = Debug|Any CPU
		{C76370FF-7249-4740-A250-FCE2F16B8D56}.Release|Any CPU.ActiveCfg = Release|Any CPU
		{C76370FF-7249-4740-A250-FCE2F16B8D56}.Release|Any CPU.Build.0 = Release|Any CPU
		{1F4CC728-638E-44AF-96EA-1DDB17F47D6A}.Debug|Any CPU.ActiveCfg = Debug|Any CPU
		{1F4CC728-638E-44AF-96EA-1DDB17F47D6A}.Debug|Any CPU.Build.0 = Debug|Any CPU
		{1F4CC728-638E-44AF-96EA-1DDB17F47D6A}.Release|Any CPU.ActiveCfg = Release|Any CPU
		{1F4CC728-638E-44AF-96EA-1DDB17F47D6A}.Release|Any CPU.Build.0 = Release|Any CPU
	EndGlobalSection
EndGlobal
